{
	"name": "@graphity-extensions/types",
	"version": "0.6.0-alpha.5",
	"lockfileVersion": 1,
	"requires": true,
	"dependencies": {
		"@types/node": {
			"version": "12.7.8",
			"resolved": "https://registry.npmjs.org/@types/node/-/node-12.7.8.tgz",
			"integrity": "sha512-FMdVn84tJJdV+xe+53sYiZS4R5yn1mAIxfj+DVoNiQjTYz1+OYmjwEZr1ev9nU0axXwda0QDbYl06QHanRVH3A=="
		},
		"core-js": {
			"version": "3.3.2",
			"resolved": "https://registry.npmjs.org/core-js/-/core-js-3.3.2.tgz",
			"integrity": "sha512-S1FfZpeBchkhyoY76YAdFzKS4zz9aOK7EeFaNA2aJlyXyA+sgqz6xdxmLPGXEAf0nF44MVN1kSjrA9Kt3ATDQg=="
		},
		"graphql-scalars": {
			"version": "1.0.2",
			"resolved": "https://registry.npmjs.org/graphql-scalars/-/graphql-scalars-1.0.2.tgz",
			"integrity": "sha512-FNIb71uPyFww0Sn33CgUOYbfcFqCAZJzEG6fQvp5hiIx3Fo9s55xsVL2mjhLwB93cE1+AV97D+WsQQHoRxMvwg==",
			"requires": {
				"@types/node": "12.7.8",
				"graphql-type-json": "0.3.0"
			}
		},
		"graphql-type-json": {
			"version": "0.3.0",
			"resolved": "https://registry.npmjs.org/graphql-type-json/-/graphql-type-json-0.3.0.tgz",
			"integrity": "sha512-lnxg5HiB95yxy+/5cDKtP6pZo0zgntsOmqsjeCBXFGJ4YoMF3+1YaSEKWJntNTu+VsAm3zf6lPxFpp1kxzofLA=="
		}
	}
}
