{
	"name": "graphity",
	"version": "0.5.0-alpha.0",
	"lockfileVersion": 1,
	"requires": true,
	"dependencies": {
		"core-js": {
			"version": "3.2.1",
			"resolved": "https://registry.npmjs.org/core-js/-/core-js-3.2.1.tgz",
			"integrity": "sha512-Qa5XSVefSVPRxy2XfUC13WbvqkxhkwB3ve+pgCQveNgYzbM/UxZeu1dcOX/xr4UmfUd+muuvsaxilQzCyUurMw=="
		},
		"graphql": {
			"version": "14.4.2",
			"resolved": "https://registry.npmjs.org/graphql/-/graphql-14.4.2.tgz",
			"integrity": "sha512-6uQadiRgnpnSS56hdZUSvFrVcQ6OF9y6wkxJfKquFtHlnl7+KSuWwSJsdwiK1vybm1HgcdbpGkCpvhvsVQ0UZQ==",
			"requires": {
				"iterall": "^1.2.2"
			}
		},
		"iterall": {
			"version": "1.2.2",
			"resolved": "https://registry.npmjs.org/iterall/-/iterall-1.2.2.tgz",
			"integrity": "sha512-yynBb1g+RFUPY64fTrFv7nsjRrENBQJaX2UL+2Szc9REFrSNm1rpSXHGzhmAy7a9uv3vlvgBlXnf9RqmPH1/DA=="
		}
	}
}
