{
	"name": "@graphity/decorator",
	"version": "0.7.0",
	"lockfileVersion": 1,
	"requires": true,
	"dependencies": {
		"core-js": {
			"version": "3.2.1",
			"resolved": "https://registry.npmjs.org/core-js/-/core-js-3.2.1.tgz",
			"integrity": "sha512-Qa5XSVefSVPRxy2XfUC13WbvqkxhkwB3ve+pgCQveNgYzbM/UxZeu1dcOX/xr4UmfUd+muuvsaxilQzCyUurMw=="
		},
		"graphql": {
			"version": "15.3.0",
			"resolved": "https://registry.npmjs.org/graphql/-/graphql-15.3.0.tgz",
			"integrity": "sha512-GTCJtzJmkFLWRfFJuoo9RWWa/FfamUHgiFosxi/X1Ani4AVWbeyBenZTNX6dM+7WSbbFfTo/25eh0LLkwHMw2w=="
		}
	}
}
