{
	"name": "@graphity/schema",
	"version": "0.9.2",
	"lockfileVersion": 2,
	"requires": true,
	"packages": {
		"": {
			"name": "@graphity/schema",
			"version": "0.9.2",
			"license": "MIT",
			"dependencies": {
				"core-js": "^3.2.1"
			},
			"peerDependencies": {
				"graphql": "^15.0.0"
			}
		},
		"node_modules/core-js": {
			"version": "3.18.1",
			"resolved": "https://registry.npmjs.org/core-js/-/core-js-3.18.1.tgz",
			"integrity": "sha512-vJlUi/7YdlCZeL6fXvWNaLUPh/id12WXj3MbkMw5uOyF0PfWPBNOCNbs53YqgrvtujLNlt9JQpruyIKkUZ+PKA==",
			"hasInstallScript": true,
			"funding": {
				"type": "opencollective",
				"url": "https://opencollective.com/core-js"
			}
		},
		"node_modules/graphql": {
			"version": "15.6.0",
			"resolved": "https://registry.npmjs.org/graphql/-/graphql-15.6.0.tgz",
			"integrity": "sha512-WJR872Zlc9hckiEPhXgyUftXH48jp2EjO5tgBBOyNMRJZ9fviL2mJBD6CAysk6N5S0r9BTs09Qk39nnJBkvOXQ==",
			"peer": true,
			"engines": {
				"node": ">= 10.x"
			}
		}
	},
	"dependencies": {
		"core-js": {
			"version": "3.18.1",
			"resolved": "https://registry.npmjs.org/core-js/-/core-js-3.18.1.tgz",
			"integrity": "sha512-vJlUi/7YdlCZeL6fXvWNaLUPh/id12WXj3MbkMw5uOyF0PfWPBNOCNbs53YqgrvtujLNlt9JQpruyIKkUZ+PKA=="
		},
		"graphql": {
			"version": "15.6.0",
			"resolved": "https://registry.npmjs.org/graphql/-/graphql-15.6.0.tgz",
			"integrity": "sha512-WJR872Zlc9hckiEPhXgyUftXH48jp2EjO5tgBBOyNMRJZ9fviL2mJBD6CAysk6N5S0r9BTs09Qk39nnJBkvOXQ==",
			"peer": true
		}
	}
}
